# THIS IS AN AUTOGENERATED FILE. DO NOT EDIT THIS FILE DIRECTLY.
# yarn lockfile v1


rxjs@6.2.1:
  version "6.2.1"
  resolved "https://registry.yarnpkg.com/rxjs/-/rxjs-6.2.1.tgz#246cebec189a6cbc143a3ef9f62d6f4c91813ca1"
  integrity sha512-OwMxHxmnmHTUpgO+V7dZChf3Tixf4ih95cmXjzzadULziVl/FKhHScGLj4goEw9weePVOH2Q0+GcCBUhKCZc/g==
  dependencies:
    tslib "^1.9.0"

tslib@^1.9.0:
  version "1.14.1"
  resolved "https://registry.yarnpkg.com/tslib/-/tslib-1.14.1.tgz#cf2d38bdc34a134bcaf1091c41f6619e2f672d00"
  integrity sha512-Xni35NKzjgMrwevysHTCArtLDpPvye8zV/0E4EyYn43P7/7qvQwPh9BGkHewbMulVntbigmcT7rdX3BNo9wRJg==

wmr@^1.0.0:
  version "1.0.0"
  resolved "https://registry.yarnpkg.com/wmr/-/wmr-1.0.0.tgz#3e058597716228a13a570aa7e7aacc2a2b479e15"
  integrity sha512-e4skIObjY4V7tERFSTemBw2RXuj0eDpJEVqPggMtwFlDqeCGD1g7aS32ElEf+AfreF2hSAN/F1lB7j1PHUlBdw==
